<?xml version="1.0" encoding="utf-8"?>
<Project ToolsVersion="16.0" xmlns="http://schemas.microsoft.com/developer/msbuild/2003">
  <ItemGroup>
    <ClCompile Include="C:\Users\coyli\debug-exam-past-Aidancuennet\Ex2\Ex2.cpp">
      <Filter>Source Files</Filter>
    </ClCompile>
  </ItemGroup>
  <ItemGroup>
    <CustomBuild Include="C:\Users\coyli\debug-exam-past-Aidancuennet\CMakeLists.txt" />
  </ItemGroup>
  <ItemGroup>
    <Filter Include="Source Files">
      <UniqueIdentifier>{F3C32C6D-E658-3FD2-A453-89F833F0F5E0}</UniqueIdentifier>
    </Filter>
  </ItemGroup>
</Project>
