<?xml version="1.0" encoding="utf-8"?>
<Project ToolsVersion="16.0" xmlns="http://schemas.microsoft.com/developer/msbuild/2003">
  <ItemGroup>
    <CustomBuild Include="C:\Users\coyli\debug-exam-past-Aidancuennet\build\CMakeFiles\b5e9e3d6723700c4440879cf66301165\generate.stamp.rule">
      <Filter>CMake Rules</Filter>
    </CustomBuild>
  </ItemGroup>
  <ItemGroup>
    <Filter Include="CMake Rules">
      <UniqueIdentifier>{E5D8B56F-DD36-38FB-8BCF-CE4F0D9EFDE6}</UniqueIdentifier>
    </Filter>
  </ItemGroup>
</Project>
